
Microsoft Visual Studio Solution File, Format Version 12.00
# Visual Studio 15
VisualStudioVersion = 15.0.28307.1231
MinimumVisualStudioVersion = 10.0.40219.1
Project("{FAE04EC0-301F-11D3-BF4B-00C04F79EFBC}") = "MinhasAnotacoes", "MinhasAnotacoes\MinhasAnotacoes.csproj", "{ACEEECB5-BE1E-415A-BDC3-EF6173A814F1}"
EndProject
Global
	GlobalSection(SolutionConfigurationPlatforms) = preSolution
		Debug|Any CPU = Debug|Any CPU
		Release|Any CPU = Release|Any CPU
	EndGlobalSection
	GlobalSection(ProjectConfigurationPlatforms) = postSolution
		{ACEEECB5-BE1E-415A-BDC3-EF6173A814F1}.Debug|Any CPU.ActiveCfg = Debug|Any CPU
		{ACEEECB5-BE1E-415A-BDC3-EF6173A814F1}.Debug|Any CPU.Build.0 = Debug|Any CPU
		{ACEEECB5-BE1E-415A-BDC3-EF6173A814F1}.Release|Any CPU.ActiveCfg = Release|Any CPU
		{ACEEECB5-BE1E-415A-BDC3-EF6173A814F1}.Release|Any CPU.Build.0 = Release|Any CPU
	EndGlobalSection
	GlobalSection(SolutionProperties) = preSolution
		HideSolutionNode = FALSE
	EndGlobalSection
	GlobalSection(ExtensibilityGlobals) = postSolution
		SolutionGuid = {E40A0FC0-AD39-484E-BAE0-956211D73721}
	EndGlobalSection
EndGlobal
