
Microsoft Visual Studio Solution File, Format Version 12.00
# Visual Studio 15
VisualStudioVersion = 15.0.28307.1231
MinimumVisualStudioVersion = 10.0.40219.1
Project("{FAE04EC0-301F-11D3-BF4B-00C04F79EFBC}") = "Ferramentas", "Ferramentas\Ferramentas.csproj", "{769F6B82-B0EB-4048-A24A-2547EA3C97AB}"
EndProject
Global
	GlobalSection(SolutionConfigurationPlatforms) = preSolution
		Debug|Any CPU = Debug|Any CPU
		Release|Any CPU = Release|Any CPU
	EndGlobalSection
	GlobalSection(ProjectConfigurationPlatforms) = postSolution
		{769F6B82-B0EB-4048-A24A-2547EA3C97AB}.Debug|Any CPU.ActiveCfg = Debug|Any CPU
		{769F6B82-B0EB-4048-A24A-2547EA3C97AB}.Debug|Any CPU.Build.0 = Debug|Any CPU
		{769F6B82-B0EB-4048-A24A-2547EA3C97AB}.Release|Any CPU.ActiveCfg = Release|Any CPU
		{769F6B82-B0EB-4048-A24A-2547EA3C97AB}.Release|Any CPU.Build.0 = Release|Any CPU
	EndGlobalSection
	GlobalSection(SolutionProperties) = preSolution
		HideSolutionNode = FALSE
	EndGlobalSection
	GlobalSection(ExtensibilityGlobals) = postSolution
		SolutionGuid = {326F8EF9-ECC7-4699-A620-54357C1A6F71}
	EndGlobalSection
EndGlobal
